
Microsoft Visual Studio Solution File, Format Version 12.00
# Visual Studio 2013
VisualStudioVersion = 12.0.21005.1
MinimumVisualStudioVersion = 10.0.40219.1
Project("{FAE04EC0-301F-11D3-BF4B-00C04F79EFBC}") = "CallMSAccessMacros", "CallMSAccessMacros\CallMSAccessMacros.csproj", "{40E1E443-DEB8-44A1-96E7-ABD92F897C12}"
EndProject
Global
	GlobalSection(SolutionConfigurationPlatforms) = preSolution
		Debug|Any CPU = Debug|Any CPU
		Release|Any CPU = Release|Any CPU
	EndGlobalSection
	GlobalSection(ProjectConfigurationPlatforms) = postSolution
		{40E1E443-DEB8-44A1-96E7-ABD92F897C12}.Debug|Any CPU.ActiveCfg = Debug|Any CPU
		{40E1E443-DEB8-44A1-96E7-ABD92F897C12}.Debug|Any CPU.Build.0 = Debug|Any CPU
		{40E1E443-DEB8-44A1-96E7-ABD92F897C12}.Release|Any CPU.ActiveCfg = Release|Any CPU
		{40E1E443-DEB8-44A1-96E7-ABD92F897C12}.Release|Any CPU.Build.0 = Release|Any CPU
	EndGlobalSection
	GlobalSection(SolutionProperties) = preSolution
		HideSolutionNode = FALSE
	EndGlobalSection
EndGlobal
